// !$*UTF8*$!
{
	archiveVersion = 1;
	classes = {
	};
	objectVersion = 55;
	objects = {

/* Begin PBXBuildFile section */
		150C8881289523FA00B7532F /* HomeViewController.swift in Sources */ = {isa = PBXBuildFile; fileRef = 150C8880289523FA00B7532F /* HomeViewController.swift */; };
		150C888328952AC500B7532F /* UIBarButtonItem-Extension.swift in Sources */ = {isa = PBXBuildFile; fileRef = 150C888228952AC500B7532F /* UIBarButtonItem-Extension.swift */; };
		150C8885289534CF00B7532F /* PageTitleView.swift in Sources */ = {isa = PBXBuildFile; fileRef = 150C8884289534CF00B7532F /* PageTitleView.swift */; };
		150C8887289537CA00B7532F /* Common.swift in Sources */ = {isa = PBXBuildFile; fileRef = 150C8886289537CA00B7532F /* Common.swift */; };
		150C88892895544B00B7532F /* PageContentView.swift in Sources */ = {isa = PBXBuildFile; fileRef = 150C88882895544B00B7532F /* PageContentView.swift */; };
		1596660D28968158003CB117 /* NetworkTools.swift in Sources */ = {isa = PBXBuildFile; fileRef = 1596660C28968158003CB117 /* NetworkTools.swift */; };
		15B191D02895061100E7C0C4 /* AppDelegate.swift in Sources */ = {isa = PBXBuildFile; fileRef = 15B191CF2895061100E7C0C4 /* AppDelegate.swift */; };
		15B191D22895061100E7C0C4 /* SceneDelegate.swift in Sources */ = {isa = PBXBuildFile; fileRef = 15B191D12895061100E7C0C4 /* SceneDelegate.swift */; };
		15B191D42895061100E7C0C4 /* ViewController.swift in Sources */ = {isa = PBXBuildFile; fileRef = 15B191D32895061100E7C0C4 /* ViewController.swift */; };
		15B191D72895061100E7C0C4 /* Main.storyboard in Resources */ = {isa = PBXBuildFile; fileRef = 15B191D52895061100E7C0C4 /* Main.storyboard */; };
		15B191D92895061900E7C0C4 /* Assets.xcassets in Resources */ = {isa = PBXBuildFile; fileRef = 15B191D82895061900E7C0C4 /* Assets.xcassets */; };
		15B191DC2895061900E7C0C4 /* LaunchScreen.storyboard in Resources */ = {isa = PBXBuildFile; fileRef = 15B191DA2895061900E7C0C4 /* LaunchScreen.storyboard */; };
		15B191E72895061A00E7C0C4 /* DouYuZBTests.swift in Sources */ = {isa = PBXBuildFile; fileRef = 15B191E62895061A00E7C0C4 /* DouYuZBTests.swift */; };
		15B191F12895061B00E7C0C4 /* DouYuZBUITests.swift in Sources */ = {isa = PBXBuildFile; fileRef = 15B191F02895061B00E7C0C4 /* DouYuZBUITests.swift */; };
		15B191F32895061B00E7C0C4 /* DouYuZBUITestsLaunchTests.swift in Sources */ = {isa = PBXBuildFile; fileRef = 15B191F22895061B00E7C0C4 /* DouYuZBUITestsLaunchTests.swift */; };
		15B1920A2895148E00E7C0C4 /* Live.storyboard in Resources */ = {isa = PBXBuildFile; fileRef = 15B192092895148E00E7C0C4 /* Live.storyboard */; };
		15B1920F289514D400E7C0C4 /* Me.storyboard in Resources */ = {isa = PBXBuildFile; fileRef = 15B1920E289514D400E7C0C4 /* Me.storyboard */; };
		15B192112895152A00E7C0C4 /* MainViewController.swift in Sources */ = {isa = PBXBuildFile; fileRef = 15B192102895152A00E7C0C4 /* MainViewController.swift */; };
		15B19226289521BC00E7C0C4 /* Home.storyboard in Resources */ = {isa = PBXBuildFile; fileRef = 15B19225289521BC00E7C0C4 /* Home.storyboard */; };
		15B192282895225100E7C0C4 /* Follow.storyboard in Resources */ = {isa = PBXBuildFile; fileRef = 15B192272895225100E7C0C4 /* Follow.storyboard */; };
		15CB3692289566FF005FFC10 /* UIColor-Extension.swift in Sources */ = {isa = PBXBuildFile; fileRef = 15CB3691289566FF005FFC10 /* UIColor-Extension.swift */; };
		15CB369428964694005FFC10 /* RecommendViewController.swift in Sources */ = {isa = PBXBuildFile; fileRef = 15CB369328964694005FFC10 /* RecommendViewController.swift */; };
		15CB36972896695B005FFC10 /* CollectionHeaderView.swift in Sources */ = {isa = PBXBuildFile; fileRef = 15CB36952896695B005FFC10 /* CollectionHeaderView.swift */; };
		15CB36982896695B005FFC10 /* CollectionHeaderView.xib in Resources */ = {isa = PBXBuildFile; fileRef = 15CB36962896695B005FFC10 /* CollectionHeaderView.xib */; };
		15CB369B28966C56005FFC10 /* CollectionNormalCell.swift in Sources */ = {isa = PBXBuildFile; fileRef = 15CB369928966C56005FFC10 /* CollectionNormalCell.swift */; };
		15CB369C28966C56005FFC10 /* CollectionNormalCell.xib in Resources */ = {isa = PBXBuildFile; fileRef = 15CB369A28966C56005FFC10 /* CollectionNormalCell.xib */; };
		15CB369F28966D9B005FFC10 /* CollectionPrettyCell.swift in Sources */ = {isa = PBXBuildFile; fileRef = 15CB369D28966D9B005FFC10 /* CollectionPrettyCell.swift */; };
		15CB36A028966D9B005FFC10 /* CollectionPrettyCell.xib in Resources */ = {isa = PBXBuildFile; fileRef = 15CB369E28966D9B005FFC10 /* CollectionPrettyCell.xib */; };
		DF20338D3C522103257B4766 /* Pods_DouYuZB.framework in Frameworks */ = {isa = PBXBuildFile; fileRef = 21D9D9FB4FBA11F2BC084490 /* Pods_DouYuZB.framework */; };
/* End PBXBuildFile section */

/* Begin PBXContainerItemProxy section */
		15B191E32895061A00E7C0C4 /* PBXContainerItemProxy */ = {
			isa = PBXContainerItemProxy;
			containerPortal = 15B191C42895061100E7C0C4 /* Project object */;
			proxyType = 1;
			remoteGlobalIDString = 15B191CB2895061100E7C0C4;
			remoteInfo = DouYuZB;
		};
		15B191ED2895061B00E7C0C4 /* PBXContainerItemProxy */ = {
			isa = PBXContainerItemProxy;
			containerPortal = 15B191C42895061100E7C0C4 /* Project object */;
			proxyType = 1;
			remoteGlobalIDString = 15B191CB2895061100E7C0C4;
			remoteInfo = DouYuZB;
		};
/* End PBXContainerItemProxy section */

/* Begin PBXFileReference section */
		150C8880289523FA00B7532F /* HomeViewController.swift */ = {isa = PBXFileReference; lastKnownFileType = sourcecode.swift; path = HomeViewController.swift; sourceTree = "<group>"; };
		150C888228952AC500B7532F /* UIBarButtonItem-Extension.swift */ = {isa = PBXFileReference; lastKnownFileType = sourcecode.swift; path = "UIBarButtonItem-Extension.swift"; sourceTree = "<group>"; };
		150C8884289534CF00B7532F /* PageTitleView.swift */ = {isa = PBXFileReference; lastKnownFileType = sourcecode.swift; path = PageTitleView.swift; sourceTree = "<group>"; };
		150C8886289537CA00B7532F /* Common.swift */ = {isa = PBXFileReference; lastKnownFileType = sourcecode.swift; path = Common.swift; sourceTree = "<group>"; };
		150C88882895544B00B7532F /* PageContentView.swift */ = {isa = PBXFileReference; lastKnownFileType = sourcecode.swift; path = PageContentView.swift; sourceTree = "<group>"; };
		1596660C28968158003CB117 /* NetworkTools.swift */ = {isa = PBXFileReference; lastKnownFileType = sourcecode.swift; path = NetworkTools.swift; sourceTree = "<group>"; };
		15B191CC2895061100E7C0C4 /* DouYuZB.app */ = {isa = PBXFileReference; explicitFileType = wrapper.application; includeInIndex = 0; path = DouYuZB.app; sourceTree = BUILT_PRODUCTS_DIR; };
		15B191CF2895061100E7C0C4 /* AppDelegate.swift */ = {isa = PBXFileReference; lastKnownFileType = sourcecode.swift; path = AppDelegate.swift; sourceTree = "<group>"; };
		15B191D12895061100E7C0C4 /* SceneDelegate.swift */ = {isa = PBXFileReference; lastKnownFileType = sourcecode.swift; path = SceneDelegate.swift; sourceTree = "<group>"; };
		15B191D32895061100E7C0C4 /* ViewController.swift */ = {isa = PBXFileReference; lastKnownFileType = sourcecode.swift; path = ViewController.swift; sourceTree = "<group>"; };
		15B191D62895061100E7C0C4 /* Base */ = {isa = PBXFileReference; lastKnownFileType = file.storyboard; name = Base; path = Base.lproj/Main.storyboard; sourceTree = "<group>"; };
		15B191D82895061900E7C0C4 /* Assets.xcassets */ = {isa = PBXFileReference; lastKnownFileType = folder.assetcatalog; path = Assets.xcassets; sourceTree = "<group>"; };
		15B191DB2895061900E7C0C4 /* Base */ = {isa = PBXFileReference; lastKnownFileType = file.storyboard; name = Base; path = Base.lproj/LaunchScreen.storyboard; sourceTree = "<group>"; };
		15B191DD2895061900E7C0C4 /* Info.plist */ = {isa = PBXFileReference; lastKnownFileType = text.plist.xml; path = Info.plist; sourceTree = "<group>"; };
		15B191E22895061A00E7C0C4 /* DouYuZBTests.xctest */ = {isa = PBXFileReference; explicitFileType = wrapper.cfbundle; includeInIndex = 0; path = DouYuZBTests.xctest; sourceTree = BUILT_PRODUCTS_DIR; };
		15B191E62895061A00E7C0C4 /* DouYuZBTests.swift */ = {isa = PBXFileReference; lastKnownFileType = sourcecode.swift; path = DouYuZBTests.swift; sourceTree = "<group>"; };
		15B191EC2895061B00E7C0C4 /* DouYuZBUITests.xctest */ = {isa = PBXFileReference; explicitFileType = wrapper.cfbundle; includeInIndex = 0; path = DouYuZBUITests.xctest; sourceTree = BUILT_PRODUCTS_DIR; };
		15B191F02895061B00E7C0C4 /* DouYuZBUITests.swift */ = {isa = PBXFileReference; lastKnownFileType = sourcecode.swift; path = DouYuZBUITests.swift; sourceTree = "<group>"; };
		15B191F22895061B00E7C0C4 /* DouYuZBUITestsLaunchTests.swift */ = {isa = PBXFileReference; lastKnownFileType = sourcecode.swift; path = DouYuZBUITestsLaunchTests.swift; sourceTree = "<group>"; };
		15B192092895148E00E7C0C4 /* Live.storyboard */ = {isa = PBXFileReference; fileEncoding = 4; lastKnownFileType = file.storyboard; path = Live.storyboard; sourceTree = "<group>"; };
		15B1920E289514D400E7C0C4 /* Me.storyboard */ = {isa = PBXFileReference; fileEncoding = 4; lastKnownFileType = file.storyboard; path = Me.storyboard; sourceTree = "<group>"; };
		15B192102895152A00E7C0C4 /* MainViewController.swift */ = {isa = PBXFileReference; lastKnownFileType = sourcecode.swift; path = MainViewController.swift; sourceTree = "<group>"; };
		15B19225289521BC00E7C0C4 /* Home.storyboard */ = {isa = PBXFileReference; fileEncoding = 4; lastKnownFileType = file.storyboard; path = Home.storyboard; sourceTree = "<group>"; };
		15B192272895225100E7C0C4 /* Follow.storyboard */ = {isa = PBXFileReference; fileEncoding = 4; lastKnownFileType = file.storyboard; path = Follow.storyboard; sourceTree = "<group>"; };
		15CB3691289566FF005FFC10 /* UIColor-Extension.swift */ = {isa = PBXFileReference; lastKnownFileType = sourcecode.swift; path = "UIColor-Extension.swift"; sourceTree = "<group>"; };
		15CB369328964694005FFC10 /* RecommendViewController.swift */ = {isa = PBXFileReference; lastKnownFileType = sourcecode.swift; path = RecommendViewController.swift; sourceTree = "<group>"; };
		15CB36952896695B005FFC10 /* CollectionHeaderView.swift */ = {isa = PBXFileReference; lastKnownFileType = sourcecode.swift; path = CollectionHeaderView.swift; sourceTree = "<group>"; };
		15CB36962896695B005FFC10 /* CollectionHeaderView.xib */ = {isa = PBXFileReference; lastKnownFileType = file.xib; path = CollectionHeaderView.xib; sourceTree = "<group>"; };
		15CB369928966C56005FFC10 /* CollectionNormalCell.swift */ = {isa = PBXFileReference; lastKnownFileType = sourcecode.swift; path = CollectionNormalCell.swift; sourceTree = "<group>"; };
		15CB369A28966C56005FFC10 /* CollectionNormalCell.xib */ = {isa = PBXFileReference; lastKnownFileType = file.xib; path = CollectionNormalCell.xib; sourceTree = "<group>"; };
		15CB369D28966D9B005FFC10 /* CollectionPrettyCell.swift */ = {isa = PBXFileReference; lastKnownFileType = sourcecode.swift; path = CollectionPrettyCell.swift; sourceTree = "<group>"; };
		15CB369E28966D9B005FFC10 /* CollectionPrettyCell.xib */ = {isa = PBXFileReference; lastKnownFileType = file.xib; path = CollectionPrettyCell.xib; sourceTree = "<group>"; };
		21D9D9FB4FBA11F2BC084490 /* Pods_DouYuZB.framework */ = {isa = PBXFileReference; explicitFileType = wrapper.framework; includeInIndex = 0; path = Pods_DouYuZB.framework; sourceTree = BUILT_PRODUCTS_DIR; };
		801F786A55D6C7864C76943D /* Pods-DouYuZB.release.xcconfig */ = {isa = PBXFileReference; includeInIndex = 1; lastKnownFileType = text.xcconfig; name = "Pods-DouYuZB.release.xcconfig"; path = "Target Support Files/Pods-DouYuZB/Pods-DouYuZB.release.xcconfig"; sourceTree = "<group>"; };
		FCFD3530B1B8BDB68F8AFE7E /* Pods-DouYuZB.debug.xcconfig */ = {isa = PBXFileReference; includeInIndex = 1; lastKnownFileType = text.xcconfig; name = "Pods-DouYuZB.debug.xcconfig"; path = "Target Support Files/Pods-DouYuZB/Pods-DouYuZB.debug.xcconfig"; sourceTree = "<group>"; };
/* End PBXFileReference section */

/* Begin PBXFrameworksBuildPhase section */
		15B191C92895061100E7C0C4 /* Frameworks */ = {
			isa = PBXFrameworksBuildPhase;
			buildActionMask = 2147483647;
			files = (
				DF20338D3C522103257B4766 /* Pods_DouYuZB.framework in Frameworks */,
			);
			runOnlyForDeploymentPostprocessing = 0;
		};
		15B191DF2895061A00E7C0C4 /* Frameworks */ = {
			isa = PBXFrameworksBuildPhase;
			buildActionMask = 2147483647;
			files = (
			);
			runOnlyForDeploymentPostprocessing = 0;
		};
		15B191E92895061B00E7C0C4 /* Frameworks */ = {
			isa = PBXFrameworksBuildPhase;
			buildActionMask = 2147483647;
			files = (
			);
			runOnlyForDeploymentPostprocessing = 0;
		};
/* End PBXFrameworksBuildPhase section */

/* Begin PBXGroup section */
		0ED7F5D3103482C8F5D91B86 /* Pods */ = {
			isa = PBXGroup;
			children = (
				FCFD3530B1B8BDB68F8AFE7E /* Pods-DouYuZB.debug.xcconfig */,
				801F786A55D6C7864C76943D /* Pods-DouYuZB.release.xcconfig */,
			);
			path = Pods;
			sourceTree = "<group>";
		};
		15B191C32895061100E7C0C4 = {
			isa = PBXGroup;
			children = (
				15B191CE2895061100E7C0C4 /* DouYuZB */,
				15B191E52895061A00E7C0C4 /* DouYuZBTests */,
				15B191EF2895061B00E7C0C4 /* DouYuZBUITests */,
				15B191CD2895061100E7C0C4 /* Products */,
				0ED7F5D3103482C8F5D91B86 /* Pods */,
				C386E736F771FDDC44842770 /* Frameworks */,
			);
			sourceTree = "<group>";
		};
		15B191CD2895061100E7C0C4 /* Products */ = {
			isa = PBXGroup;
			children = (
				15B191CC2895061100E7C0C4 /* DouYuZB.app */,
				15B191E22895061A00E7C0C4 /* DouYuZBTests.xctest */,
				15B191EC2895061B00E7C0C4 /* DouYuZBUITests.xctest */,
			);
			name = Products;
			sourceTree = "<group>";
		};
		15B191CE2895061100E7C0C4 /* DouYuZB */ = {
			isa = PBXGroup;
			children = (
				15B191FF28950C6300E7C0C4 /* Class */,
				15B191CF2895061100E7C0C4 /* AppDelegate.swift */,
				15B191D12895061100E7C0C4 /* SceneDelegate.swift */,
				15B191D32895061100E7C0C4 /* ViewController.swift */,
				15B191D82895061900E7C0C4 /* Assets.xcassets */,
				15B191DA2895061900E7C0C4 /* LaunchScreen.storyboard */,
				15B191DD2895061900E7C0C4 /* Info.plist */,
			);
			path = DouYuZB;
			sourceTree = "<group>";
		};
		15B191E52895061A00E7C0C4 /* DouYuZBTests */ = {
			isa = PBXGroup;
			children = (
				15B191E62895061A00E7C0C4 /* DouYuZBTests.swift */,
			);
			path = DouYuZBTests;
			sourceTree = "<group>";
		};
		15B191EF2895061B00E7C0C4 /* DouYuZBUITests */ = {
			isa = PBXGroup;
			children = (
				15B191F02895061B00E7C0C4 /* DouYuZBUITests.swift */,
				15B191F22895061B00E7C0C4 /* DouYuZBUITestsLaunchTests.swift */,
			);
			path = DouYuZBUITests;
			sourceTree = "<group>";
		};
		15B191FF28950C6300E7C0C4 /* Class */ = {
			isa = PBXGroup;
			children = (
				15B1920528950CBA00E7C0C4 /* Main */,
				15B1920028950C6300E7C0C4 /* Home */,
				15B1920128950C6300E7C0C4 /* Tools */,
				15B1920228950C6300E7C0C4 /* Follow */,
				15B1920328950C6300E7C0C4 /* Profile */,
				15B1920428950C6300E7C0C4 /* Live */,
			);
			path = Class;
			sourceTree = "<group>";
		};
		15B1920028950C6300E7C0C4 /* Home */ = {
			isa = PBXGroup;
			children = (
				15B19225289521BC00E7C0C4 /* Home.storyboard */,
				15B1921728951C0000E7C0C4 /* Controller */,
				15B1921628951C0000E7C0C4 /* Model */,
				15B1921528951C0000E7C0C4 /* View */,
			);
			path = Home;
			sourceTree = "<group>";
		};
		15B1920128950C6300E7C0C4 /* Tools */ = {
			isa = PBXGroup;
			children = (
				150C888228952AC500B7532F /* UIBarButtonItem-Extension.swift */,
				150C8886289537CA00B7532F /* Common.swift */,
				15CB3691289566FF005FFC10 /* UIColor-Extension.swift */,
				1596660C28968158003CB117 /* NetworkTools.swift */,
			);
			path = Tools;
			sourceTree = "<group>";
		};
		15B1920228950C6300E7C0C4 /* Follow */ = {
			isa = PBXGroup;
			children = (
				15B192272895225100E7C0C4 /* Follow.storyboard */,
				15B1921828951C0A00E7C0C4 /* Controller */,
				15B1921A28951C0A00E7C0C4 /* Model */,
				15B1921928951C0A00E7C0C4 /* View */,
			);
			path = Follow;
			sourceTree = "<group>";
		};
		15B1920328950C6300E7C0C4 /* Profile */ = {
			isa = PBXGroup;
			children = (
				15B1921F28951C3500E7C0C4 /* Controller */,
				15B1922028951C3500E7C0C4 /* Model */,
				15B1921E28951C3500E7C0C4 /* View */,
				15B1920E289514D400E7C0C4 /* Me.storyboard */,
			);
			path = Profile;
			sourceTree = "<group>";
		};
		15B1920428950C6300E7C0C4 /* Live */ = {
			isa = PBXGroup;
			children = (
				15B1921C28951C2000E7C0C4 /* Controller */,
				15B1921B28951C2000E7C0C4 /* Model */,
				15B1921D28951C2000E7C0C4 /* View */,
				15B192092895148E00E7C0C4 /* Live.storyboard */,
			);
			path = Live;
			sourceTree = "<group>";
		};
		15B1920528950CBA00E7C0C4 /* Main */ = {
			isa = PBXGroup;
			children = (
				15B1921328951BF500E7C0C4 /* Controller */,
				15B1921428951BF500E7C0C4 /* Model */,
				15B1921228951BF500E7C0C4 /* View */,
				15B191D52895061100E7C0C4 /* Main.storyboard */,
				15B192102895152A00E7C0C4 /* MainViewController.swift */,
			);
			path = Main;
			sourceTree = "<group>";
		};
		15B1921228951BF500E7C0C4 /* View */ = {
			isa = PBXGroup;
			children = (
				150C8884289534CF00B7532F /* PageTitleView.swift */,
				150C88882895544B00B7532F /* PageContentView.swift */,
				15CB369928966C56005FFC10 /* CollectionNormalCell.swift */,
				15CB369A28966C56005FFC10 /* CollectionNormalCell.xib */,
				15CB369D28966D9B005FFC10 /* CollectionPrettyCell.swift */,
				15CB369E28966D9B005FFC10 /* CollectionPrettyCell.xib */,
			);
			path = View;
			sourceTree = "<group>";
		};
		15B1921328951BF500E7C0C4 /* Controller */ = {
			isa = PBXGroup;
			children = (
			);
			path = Controller;
			sourceTree = "<group>";
		};
		15B1921428951BF500E7C0C4 /* Model */ = {
			isa = PBXGroup;
			children = (
			);
			path = Model;
			sourceTree = "<group>";
		};
		15B1921528951C0000E7C0C4 /* View */ = {
			isa = PBXGroup;
			children = (
				15CB36952896695B005FFC10 /* CollectionHeaderView.swift */,
				15CB36962896695B005FFC10 /* CollectionHeaderView.xib */,
			);
			path = View;
			sourceTree = "<group>";
		};
		15B1921628951C0000E7C0C4 /* Model */ = {
			isa = PBXGroup;
			children = (
			);
			path = Model;
			sourceTree = "<group>";
		};
		15B1921728951C0000E7C0C4 /* Controller */ = {
			isa = PBXGroup;
			children = (
				15CB369328964694005FFC10 /* RecommendViewController.swift */,
				150C8880289523FA00B7532F /* HomeViewController.swift */,
			);
			path = Controller;
			sourceTree = "<group>";
		};
		15B1921828951C0A00E7C0C4 /* Controller */ = {
			isa = PBXGroup;
			children = (
			);
			path = Controller;
			sourceTree = "<group>";
		};
		15B1921928951C0A00E7C0C4 /* View */ = {
			isa = PBXGroup;
			children = (
			);
			path = View;
			sourceTree = "<group>";
		};
		15B1921A28951C0A00E7C0C4 /* Model */ = {
			isa = PBXGroup;
			children = (
			);
			path = Model;
			sourceTree = "<group>";
		};
		15B1921B28951C2000E7C0C4 /* Model */ = {
			isa = PBXGroup;
			children = (
			);
			path = Model;
			sourceTree = "<group>";
		};
		15B1921C28951C2000E7C0C4 /* Controller */ = {
			isa = PBXGroup;
			children = (
			);
			path = Controller;
			sourceTree = "<group>";
		};
		15B1921D28951C2000E7C0C4 /* View */ = {
			isa = PBXGroup;
			children = (
			);
			path = View;
			sourceTree = "<group>";
		};
		15B1921E28951C3500E7C0C4 /* View */ = {
			isa = PBXGroup;
			children = (
			);
			path = View;
			sourceTree = "<group>";
		};
		15B1921F28951C3500E7C0C4 /* Controller */ = {
			isa = PBXGroup;
			children = (
			);
			path = Controller;
			sourceTree = "<group>";
		};
		15B1922028951C3500E7C0C4 /* Model */ = {
			isa = PBXGroup;
			children = (
			);
			path = Model;
			sourceTree = "<group>";
		};
		C386E736F771FDDC44842770 /* Frameworks */ = {
			isa = PBXGroup;
			children = (
				21D9D9FB4FBA11F2BC084490 /* Pods_DouYuZB.framework */,
			);
			name = Frameworks;
			sourceTree = "<group>";
		};
/* End PBXGroup section */

/* Begin PBXNativeTarget section */
		15B191CB2895061100E7C0C4 /* DouYuZB */ = {
			isa = PBXNativeTarget;
			buildConfigurationList = 15B191F62895061B00E7C0C4 /* Build configuration list for PBXNativeTarget "DouYuZB" */;
			buildPhases = (
				9DA23F06EB491B7D21BD1645 /* [CP] Check Pods Manifest.lock */,
				15B191C82895061100E7C0C4 /* Sources */,
				15B191C92895061100E7C0C4 /* Frameworks */,
				15B191CA2895061100E7C0C4 /* Resources */,
				96B73F6B4F2071AF47F00505 /* [CP] Embed Pods Frameworks */,
			);
			buildRules = (
			);
			dependencies = (
			);
			name = DouYuZB;
			productName = DouYuZB;
			productReference = 15B191CC2895061100E7C0C4 /* DouYuZB.app */;
			productType = "com.apple.product-type.application";
		};
		15B191E12895061A00E7C0C4 /* DouYuZBTests */ = {
			isa = PBXNativeTarget;
			buildConfigurationList = 15B191F92895061B00E7C0C4 /* Build configuration list for PBXNativeTarget "DouYuZBTests" */;
			buildPhases = (
				15B191DE2895061A00E7C0C4 /* Sources */,
				15B191DF2895061A00E7C0C4 /* Frameworks */,
				15B191E02895061A00E7C0C4 /* Resources */,
			);
			buildRules = (
			);
			dependencies = (
				15B191E42895061A00E7C0C4 /* PBXTargetDependency */,
			);
			name = DouYuZBTests;
			productName = DouYuZBTests;
			productReference = 15B191E22895061A00E7C0C4 /* DouYuZBTests.xctest */;
			productType = "com.apple.product-type.bundle.unit-test";
		};
		15B191EB2895061B00E7C0C4 /* DouYuZBUITests */ = {
			isa = PBXNativeTarget;
			buildConfigurationList = 15B191FC2895061B00E7C0C4 /* Build configuration list for PBXNativeTarget "DouYuZBUITests" */;
			buildPhases = (
				15B191E82895061B00E7C0C4 /* Sources */,
				15B191E92895061B00E7C0C4 /* Frameworks */,
				15B191EA2895061B00E7C0C4 /* Resources */,
			);
			buildRules = (
			);
			dependencies = (
				15B191EE2895061B00E7C0C4 /* PBXTargetDependency */,
			);
			name = DouYuZBUITests;
			productName = DouYuZBUITests;
			productReference = 15B191EC2895061B00E7C0C4 /* DouYuZBUITests.xctest */;
			productType = "com.apple.product-type.bundle.ui-testing";
		};
/* End PBXNativeTarget section */

/* Begin PBXProject section */
		15B191C42895061100E7C0C4 /* Project object */ = {
			isa = PBXProject;
			attributes = {
				BuildIndependentTargetsInParallel = 1;
				LastSwiftUpdateCheck = 1320;
				LastUpgradeCheck = 1320;
				TargetAttributes = {
					15B191CB2895061100E7C0C4 = {
						CreatedOnToolsVersion = 13.2.1;
					};
					15B191E12895061A00E7C0C4 = {
						CreatedOnToolsVersion = 13.2.1;
						TestTargetID = 15B191CB2895061100E7C0C4;
					};
					15B191EB2895061B00E7C0C4 = {
						CreatedOnToolsVersion = 13.2.1;
						TestTargetID = 15B191CB2895061100E7C0C4;
					};
				};
			};
			buildConfigurationList = 15B191C72895061100E7C0C4 /* Build configuration list for PBXProject "DouYuZB" */;
			compatibilityVersion = "Xcode 13.0";
			developmentRegion = en;
			hasScannedForEncodings = 0;
			knownRegions = (
				en,
				Base,
			);
			mainGroup = 15B191C32895061100E7C0C4;
			productRefGroup = 15B191CD2895061100E7C0C4 /* Products */;
			projectDirPath = "";
			projectRoot = "";
			targets = (
				15B191CB2895061100E7C0C4 /* DouYuZB */,
				15B191E12895061A00E7C0C4 /* DouYuZBTests */,
				15B191EB2895061B00E7C0C4 /* DouYuZBUITests */,
			);
		};
/* End PBXProject section */

/* Begin PBXResourcesBuildPhase section */
		15B191CA2895061100E7C0C4 /* Resources */ = {
			isa = PBXResourcesBuildPhase;
			buildActionMask = 2147483647;
			files = (
				15B191DC2895061900E7C0C4 /* LaunchScreen.storyboard in Resources */,
				15CB36982896695B005FFC10 /* CollectionHeaderView.xib in Resources */,
				15CB369C28966C56005FFC10 /* CollectionNormalCell.xib in Resources */,
				15B191D92895061900E7C0C4 /* Assets.xcassets in Resources */,
				15B191D72895061100E7C0C4 /* Main.storyboard in Resources */,
				15B19226289521BC00E7C0C4 /* Home.storyboard in Resources */,
				15B192282895225100E7C0C4 /* Follow.storyboard in Resources */,
				15CB36A028966D9B005FFC10 /* CollectionPrettyCell.xib in Resources */,
				15B1920A2895148E00E7C0C4 /* Live.storyboard in Resources */,
				15B1920F289514D400E7C0C4 /* Me.storyboard in Resources */,
			);
			runOnlyForDeploymentPostprocessing = 0;
		};
		15B191E02895061A00E7C0C4 /* Resources */ = {
			isa = PBXResourcesBuildPhase;
			buildActionMask = 2147483647;
			files = (
			);
			runOnlyForDeploymentPostprocessing = 0;
		};
		15B191EA2895061B00E7C0C4 /* Resources */ = {
			isa = PBXResourcesBuildPhase;
			buildActionMask = 2147483647;
			files = (
			);
			runOnlyForDeploymentPostprocessing = 0;
		};
/* End PBXResourcesBuildPhase section */

/* Begin PBXShellScriptBuildPhase section */
		96B73F6B4F2071AF47F00505 /* [CP] Embed Pods Frameworks */ = {
			isa = PBXShellScriptBuildPhase;
			buildActionMask = 2147483647;
			files = (
			);
			inputFileListPaths = (
				"${PODS_ROOT}/Target Support Files/Pods-DouYuZB/Pods-DouYuZB-frameworks-${CONFIGURATION}-input-files.xcfilelist",
			);
			name = "[CP] Embed Pods Frameworks";
			outputFileListPaths = (
				"${PODS_ROOT}/Target Support Files/Pods-DouYuZB/Pods-DouYuZB-frameworks-${CONFIGURATION}-output-files.xcfilelist",
			);
			runOnlyForDeploymentPostprocessing = 0;
			shellPath = /bin/sh;
			shellScript = "\"${PODS_ROOT}/Target Support Files/Pods-DouYuZB/Pods-DouYuZB-frameworks.sh\"\n";
			showEnvVarsInLog = 0;
		};
		9DA23F06EB491B7D21BD1645 /* [CP] Check Pods Manifest.lock */ = {
			isa = PBXShellScriptBuildPhase;
			buildActionMask = 2147483647;
			files = (
			);
			inputFileListPaths = (
			);
			inputPaths = (
				"${PODS_PODFILE_DIR_PATH}/Podfile.lock",
				"${PODS_ROOT}/Manifest.lock",
			);
			name = "[CP] Check Pods Manifest.lock";
			outputFileListPaths = (
			);
			outputPaths = (
				"$(DERIVED_FILE_DIR)/Pods-DouYuZB-checkManifestLockResult.txt",
			);
			runOnlyForDeploymentPostprocessing = 0;
			shellPath = /bin/sh;
			shellScript = "diff \"${PODS_PODFILE_DIR_PATH}/Podfile.lock\" \"${PODS_ROOT}/Manifest.lock\" > /dev/null\nif [ $? != 0 ] ; then\n    # print error to STDERR\n    echo \"error: The sandbox is not in sync with the Podfile.lock. Run 'pod install' or update your CocoaPods installation.\" >&2\n    exit 1\nfi\n# This output is used by Xcode 'outputs' to avoid re-running this script phase.\necho \"SUCCESS\" > \"${SCRIPT_OUTPUT_FILE_0}\"\n";
			showEnvVarsInLog = 0;
		};
/* End PBXShellScriptBuildPhase section */

/* Begin PBXSourcesBuildPhase section */
		15B191C82895061100E7C0C4 /* Sources */ = {
			isa = PBXSourcesBuildPhase;
			buildActionMask = 2147483647;
			files = (
				150C8887289537CA00B7532F /* Common.swift in Sources */,
				15CB3692289566FF005FFC10 /* UIColor-Extension.swift in Sources */,
				1596660D28968158003CB117 /* NetworkTools.swift in Sources */,
				150C88892895544B00B7532F /* PageContentView.swift in Sources */,
				150C8881289523FA00B7532F /* HomeViewController.swift in Sources */,
				150C8885289534CF00B7532F /* PageTitleView.swift in Sources */,
				15B191D42895061100E7C0C4 /* ViewController.swift in Sources */,
				150C888328952AC500B7532F /* UIBarButtonItem-Extension.swift in Sources */,
				15B191D02895061100E7C0C4 /* AppDelegate.swift in Sources */,
				15CB369B28966C56005FFC10 /* CollectionNormalCell.swift in Sources */,
				15B191D22895061100E7C0C4 /* SceneDelegate.swift in Sources */,
				15CB36972896695B005FFC10 /* CollectionHeaderView.swift in Sources */,
				15B192112895152A00E7C0C4 /* MainViewController.swift in Sources */,
				15CB369428964694005FFC10 /* RecommendViewController.swift in Sources */,
				15CB369F28966D9B005FFC10 /* CollectionPrettyCell.swift in Sources */,
			);
			runOnlyForDeploymentPostprocessing = 0;
		};
		15B191DE2895061A00E7C0C4 /* Sources */ = {
			isa = PBXSourcesBuildPhase;
			buildActionMask = 2147483647;
			files = (
				15B191E72895061A00E7C0C4 /* DouYuZBTests.swift in Sources */,
			);
			runOnlyForDeploymentPostprocessing = 0;
		};
		15B191E82895061B00E7C0C4 /* Sources */ = {
			isa = PBXSourcesBuildPhase;
			buildActionMask = 2147483647;
			files = (
				15B191F12895061B00E7C0C4 /* DouYuZBUITests.swift in Sources */,
				15B191F32895061B00E7C0C4 /* DouYuZBUITestsLaunchTests.swift in Sources */,
			);
			runOnlyForDeploymentPostprocessing = 0;
		};
/* End PBXSourcesBuildPhase section */

/* Begin PBXTargetDependency section */
		15B191E42895061A00E7C0C4 /* PBXTargetDependency */ = {
			isa = PBXTargetDependency;
			target = 15B191CB2895061100E7C0C4 /* DouYuZB */;
			targetProxy = 15B191E32895061A00E7C0C4 /* PBXContainerItemProxy */;
		};
		15B191EE2895061B00E7C0C4 /* PBXTargetDependency */ = {
			isa = PBXTargetDependency;
			target = 15B191CB2895061100E7C0C4 /* DouYuZB */;
			targetProxy = 15B191ED2895061B00E7C0C4 /* PBXContainerItemProxy */;
		};
/* End PBXTargetDependency section */

/* Begin PBXVariantGroup section */
		15B191D52895061100E7C0C4 /* Main.storyboard */ = {
			isa = PBXVariantGroup;
			children = (
				15B191D62895061100E7C0C4 /* Base */,
			);
			name = Main.storyboard;
			sourceTree = "<group>";
		};
		15B191DA2895061900E7C0C4 /* LaunchScreen.storyboard */ = {
			isa = PBXVariantGroup;
			children = (
				15B191DB2895061900E7C0C4 /* Base */,
			);
			name = LaunchScreen.storyboard;
			sourceTree = "<group>";
		};
/* End PBXVariantGroup section */

/* Begin XCBuildConfiguration section */
		15B191F42895061B00E7C0C4 /* Debug */ = {
			isa = XCBuildConfiguration;
			buildSettings = {
				ALWAYS_SEARCH_USER_PATHS = NO;
				CLANG_ANALYZER_NONNULL = YES;
				CLANG_ANALYZER_NUMBER_OBJECT_CONVERSION = YES_AGGRESSIVE;
				CLANG_CXX_LANGUAGE_STANDARD = "gnu++17";
				CLANG_CXX_LIBRARY = "libc++";
				CLANG_ENABLE_MODULES = YES;
				CLANG_ENABLE_OBJC_ARC = YES;
				CLANG_ENABLE_OBJC_WEAK = YES;
				CLANG_WARN_BLOCK_CAPTURE_AUTORELEASING = YES;
				CLANG_WARN_BOOL_CONVERSION = YES;
				CLANG_WARN_COMMA = YES;
				CLANG_WARN_CONSTANT_CONVERSION = YES;
				CLANG_WARN_DEPRECATED_OBJC_IMPLEMENTATIONS = YES;
				CLANG_WARN_DIRECT_OBJC_ISA_USAGE = YES_ERROR;
				CLANG_WARN_DOCUMENTATION_COMMENTS = YES;
				CLANG_WARN_EMPTY_BODY = YES;
				CLANG_WARN_ENUM_CONVERSION = YES;
				CLANG_WARN_INFINITE_RECURSION = YES;
				CLANG_WARN_INT_CONVERSION = YES;
				CLANG_WARN_NON_LITERAL_NULL_CONVERSION = YES;
				CLANG_WARN_OBJC_IMPLICIT_RETAIN_SELF = YES;
				CLANG_WARN_OBJC_LITERAL_CONVERSION = YES;
				CLANG_WARN_OBJC_ROOT_CLASS = YES_ERROR;
				CLANG_WARN_QUOTED_INCLUDE_IN_FRAMEWORK_HEADER = YES;
				CLANG_WARN_RANGE_LOOP_ANALYSIS = YES;
				CLANG_WARN_STRICT_PROTOTYPES = YES;
				CLANG_WARN_SUSPICIOUS_MOVE = YES;
				CLANG_WARN_UNGUARDED_AVAILABILITY = YES_AGGRESSIVE;
				CLANG_WARN_UNREACHABLE_CODE = YES;
				CLANG_WARN__DUPLICATE_METHOD_MATCH = YES;
				COPY_PHASE_STRIP = NO;
				DEBUG_INFORMATION_FORMAT = dwarf;
				ENABLE_STRICT_OBJC_MSGSEND = YES;
				ENABLE_TESTABILITY = YES;
				GCC_C_LANGUAGE_STANDARD = gnu11;
				GCC_DYNAMIC_NO_PIC = NO;
				GCC_NO_COMMON_BLOCKS = YES;
				GCC_OPTIMIZATION_LEVEL = 0;
				GCC_PREPROCESSOR_DEFINITIONS = (
					"DEBUG=1",
					"$(inherited)",
				);
				GCC_WARN_64_TO_32_BIT_CONVERSION = YES;
				GCC_WARN_ABOUT_RETURN_TYPE = YES_ERROR;
				GCC_WARN_UNDECLARED_SELECTOR = YES;
				GCC_WARN_UNINITIALIZED_AUTOS = YES_AGGRESSIVE;
				GCC_WARN_UNUSED_FUNCTION = YES;
				GCC_WARN_UNUSED_VARIABLE = YES;
				IPHONEOS_DEPLOYMENT_TARGET = 15.2;
				MTL_ENABLE_DEBUG_INFO = INCLUDE_SOURCE;
				MTL_FAST_MATH = YES;
				ONLY_ACTIVE_ARCH = YES;
				SDKROOT = iphoneos;
				SWIFT_ACTIVE_COMPILATION_CONDITIONS = DEBUG;
				SWIFT_OPTIMIZATION_LEVEL = "-Onone";
			};
			name = Debug;
		};
		15B191F52895061B00E7C0C4 /* Release */ = {
			isa = XCBuildConfiguration;
			buildSettings = {
				ALWAYS_SEARCH_USER_PATHS = NO;
				CLANG_ANALYZER_NONNULL = YES;
				CLANG_ANALYZER_NUMBER_OBJECT_CONVERSION = YES_AGGRESSIVE;
				CLANG_CXX_LANGUAGE_STANDARD = "gnu++17";
				CLANG_CXX_LIBRARY = "libc++";
				CLANG_ENABLE_MODULES = YES;
				CLANG_ENABLE_OBJC_ARC = YES;
				CLANG_ENABLE_OBJC_WEAK = YES;
				CLANG_WARN_BLOCK_CAPTURE_AUTORELEASING = YES;
				CLANG_WARN_BOOL_CONVERSION = YES;
				CLANG_WARN_COMMA = YES;
				CLANG_WARN_CONSTANT_CONVERSION = YES;
				CLANG_WARN_DEPRECATED_OBJC_IMPLEMENTATIONS = YES;
				CLANG_WARN_DIRECT_OBJC_ISA_USAGE = YES_ERROR;
				CLANG_WARN_DOCUMENTATION_COMMENTS = YES;
				CLANG_WARN_EMPTY_BODY = YES;
				CLANG_WARN_ENUM_CONVERSION = YES;
				CLANG_WARN_INFINITE_RECURSION = YES;
				CLANG_WARN_INT_CONVERSION = YES;
				CLANG_WARN_NON_LITERAL_NULL_CONVERSION = YES;
				CLANG_WARN_OBJC_IMPLICIT_RETAIN_SELF = YES;
				CLANG_WARN_OBJC_LITERAL_CONVERSION = YES;
				CLANG_WARN_OBJC_ROOT_CLASS = YES_ERROR;
				CLANG_WARN_QUOTED_INCLUDE_IN_FRAMEWORK_HEADER = YES;
				CLANG_WARN_RANGE_LOOP_ANALYSIS = YES;
				CLANG_WARN_STRICT_PROTOTYPES = YES;
				CLANG_WARN_SUSPICIOUS_MOVE = YES;
				CLANG_WARN_UNGUARDED_AVAILABILITY = YES_AGGRESSIVE;
				CLANG_WARN_UNREACHABLE_CODE = YES;
				CLANG_WARN__DUPLICATE_METHOD_MATCH = YES;
				COPY_PHASE_STRIP = NO;
				DEBUG_INFORMATION_FORMAT = "dwarf-with-dsym";
				ENABLE_NS_ASSERTIONS = NO;
				ENABLE_STRICT_OBJC_MSGSEND = YES;
				GCC_C_LANGUAGE_STANDARD = gnu11;
				GCC_NO_COMMON_BLOCKS = YES;
				GCC_WARN_64_TO_32_BIT_CONVERSION = YES;
				GCC_WARN_ABOUT_RETURN_TYPE = YES_ERROR;
				GCC_WARN_UNDECLARED_SELECTOR = YES;
				GCC_WARN_UNINITIALIZED_AUTOS = YES_AGGRESSIVE;
				GCC_WARN_UNUSED_FUNCTION = YES;
				GCC_WARN_UNUSED_VARIABLE = YES;
				IPHONEOS_DEPLOYMENT_TARGET = 15.2;
				MTL_ENABLE_DEBUG_INFO = NO;
				MTL_FAST_MATH = YES;
				SDKROOT = iphoneos;
				SWIFT_COMPILATION_MODE = wholemodule;
				SWIFT_OPTIMIZATION_LEVEL = "-O";
				VALIDATE_PRODUCT = YES;
			};
			name = Release;
		};
		15B191F72895061B00E7C0C4 /* Debug */ = {
			isa = XCBuildConfiguration;
			baseConfigurationReference = FCFD3530B1B8BDB68F8AFE7E /* Pods-DouYuZB.debug.xcconfig */;
			buildSettings = {
				ASSETCATALOG_COMPILER_APPICON_NAME = AppIcon;
				ASSETCATALOG_COMPILER_GLOBAL_ACCENT_COLOR_NAME = AccentColor;
				CODE_SIGN_STYLE = Automatic;
				CURRENT_PROJECT_VERSION = 1;
				DEVELOPMENT_TEAM = 4DRQW8MYW2;
				GENERATE_INFOPLIST_FILE = YES;
				INFOPLIST_FILE = DouYuZB/Info.plist;
				INFOPLIST_KEY_UIApplicationSupportsIndirectInputEvents = YES;
				INFOPLIST_KEY_UILaunchStoryboardName = Main;
				INFOPLIST_KEY_UIMainStoryboardFile = Main;
				INFOPLIST_KEY_UISupportedInterfaceOrientations_iPad = "UIInterfaceOrientationPortrait UIInterfaceOrientationPortraitUpsideDown UIInterfaceOrientationLandscapeLeft UIInterfaceOrientationLandscapeRight";
				INFOPLIST_KEY_UISupportedInterfaceOrientations_iPhone = "UIInterfaceOrientationPortrait UIInterfaceOrientationLandscapeLeft UIInterfaceOrientationLandscapeRight";
				LD_RUNPATH_SEARCH_PATHS = (
					"$(inherited)",
					"@executable_path/Frameworks",
				);
				MARKETING_VERSION = 1.0;
				PRODUCT_BUNDLE_IDENTIFIER = com.dataspring.project.DouYuZB;
				PRODUCT_NAME = "$(TARGET_NAME)";
				SWIFT_EMIT_LOC_STRINGS = YES;
				SWIFT_VERSION = 5.0;
				TARGETED_DEVICE_FAMILY = "1,2";
			};
			name = Debug;
		};
		15B191F82895061B00E7C0C4 /* Release */ = {
			isa = XCBuildConfiguration;
			baseConfigurationReference = 801F786A55D6C7864C76943D /* Pods-DouYuZB.release.xcconfig */;
			buildSettings = {
				ASSETCATALOG_COMPILER_APPICON_NAME = AppIcon;
				ASSETCATALOG_COMPILER_GLOBAL_ACCENT_COLOR_NAME = AccentColor;
				CODE_SIGN_STYLE = Automatic;
				CURRENT_PROJECT_VERSION = 1;
				DEVELOPMENT_TEAM = 4DRQW8MYW2;
				GENERATE_INFOPLIST_FILE = YES;
				INFOPLIST_FILE = DouYuZB/Info.plist;
				INFOPLIST_KEY_UIApplicationSupportsIndirectInputEvents = YES;
				INFOPLIST_KEY_UILaunchStoryboardName = Main;
				INFOPLIST_KEY_UIMainStoryboardFile = Main;
				INFOPLIST_KEY_UISupportedInterfaceOrientations_iPad = "UIInterfaceOrientationPortrait UIInterfaceOrientationPortraitUpsideDown UIInterfaceOrientationLandscapeLeft UIInterfaceOrientationLandscapeRight";
				INFOPLIST_KEY_UISupportedInterfaceOrientations_iPhone = "UIInterfaceOrientationPortrait UIInterfaceOrientationLandscapeLeft UIInterfaceOrientationLandscapeRight";
				LD_RUNPATH_SEARCH_PATHS = (
					"$(inherited)",
					"@executable_path/Frameworks",
				);
				MARKETING_VERSION = 1.0;
				PRODUCT_BUNDLE_IDENTIFIER = com.dataspring.project.DouYuZB;
				PRODUCT_NAME = "$(TARGET_NAME)";
				SWIFT_EMIT_LOC_STRINGS = YES;
				SWIFT_VERSION = 5.0;
				TARGETED_DEVICE_FAMILY = "1,2";
			};
			name = Release;
		};
		15B191FA2895061B00E7C0C4 /* Debug */ = {
			isa = XCBuildConfiguration;
			buildSettings = {
				ALWAYS_EMBED_SWIFT_STANDARD_LIBRARIES = YES;
				BUNDLE_LOADER = "$(TEST_HOST)";
				CODE_SIGN_STYLE = Automatic;
				CURRENT_PROJECT_VERSION = 1;
				GENERATE_INFOPLIST_FILE = YES;
				IPHONEOS_DEPLOYMENT_TARGET = 15.2;
				MARKETING_VERSION = 1.0;
				PRODUCT_BUNDLE_IDENTIFIER = com.dataspring.project.DouYuZBTests;
				PRODUCT_NAME = "$(TARGET_NAME)";
				SWIFT_EMIT_LOC_STRINGS = NO;
				SWIFT_VERSION = 5.0;
				TARGETED_DEVICE_FAMILY = "1,2";
				TEST_HOST = "$(BUILT_PRODUCTS_DIR)/DouYuZB.app/DouYuZB";
			};
			name = Debug;
		};
		15B191FB2895061B00E7C0C4 /* Release */ = {
			isa = XCBuildConfiguration;
			buildSettings = {
				ALWAYS_EMBED_SWIFT_STANDARD_LIBRARIES = YES;
				BUNDLE_LOADER = "$(TEST_HOST)";
				CODE_SIGN_STYLE = Automatic;
				CURRENT_PROJECT_VERSION = 1;
				GENERATE_INFOPLIST_FILE = YES;
				IPHONEOS_DEPLOYMENT_TARGET = 15.2;
				MARKETING_VERSION = 1.0;
				PRODUCT_BUNDLE_IDENTIFIER = com.dataspring.project.DouYuZBTests;
				PRODUCT_NAME = "$(TARGET_NAME)";
				SWIFT_EMIT_LOC_STRINGS = NO;
				SWIFT_VERSION = 5.0;
				TARGETED_DEVICE_FAMILY = "1,2";
				TEST_HOST = "$(BUILT_PRODUCTS_DIR)/DouYuZB.app/DouYuZB";
			};
			name = Release;
		};
		15B191FD2895061B00E7C0C4 /* Debug */ = {
			isa = XCBuildConfiguration;
			buildSettings = {
				ALWAYS_EMBED_SWIFT_STANDARD_LIBRARIES = YES;
				CODE_SIGN_STYLE = Automatic;
				CURRENT_PROJECT_VERSION = 1;
				GENERATE_INFOPLIST_FILE = YES;
				MARKETING_VERSION = 1.0;
				PRODUCT_BUNDLE_IDENTIFIER = com.dataspring.project.DouYuZBUITests;
				PRODUCT_NAME = "$(TARGET_NAME)";
				SWIFT_EMIT_LOC_STRINGS = NO;
				SWIFT_VERSION = 5.0;
				TARGETED_DEVICE_FAMILY = "1,2";
				TEST_TARGET_NAME = DouYuZB;
			};
			name = Debug;
		};
		15B191FE2895061B00E7C0C4 /* Release */ = {
			isa = XCBuildConfiguration;
			buildSettings = {
				ALWAYS_EMBED_SWIFT_STANDARD_LIBRARIES = YES;
				CODE_SIGN_STYLE = Automatic;
				CURRENT_PROJECT_VERSION = 1;
				GENERATE_INFOPLIST_FILE = YES;
				MARKETING_VERSION = 1.0;
				PRODUCT_BUNDLE_IDENTIFIER = com.dataspring.project.DouYuZBUITests;
				PRODUCT_NAME = "$(TARGET_NAME)";
				SWIFT_EMIT_LOC_STRINGS = NO;
				SWIFT_VERSION = 5.0;
				TARGETED_DEVICE_FAMILY = "1,2";
				TEST_TARGET_NAME = DouYuZB;
			};
			name = Release;
		};
/* End XCBuildConfiguration section */

/* Begin XCConfigurationList section */
		15B191C72895061100E7C0C4 /* Build configuration list for PBXProject "DouYuZB" */ = {
			isa = XCConfigurationList;
			buildConfigurations = (
				15B191F42895061B00E7C0C4 /* Debug */,
				15B191F52895061B00E7C0C4 /* Release */,
			);
			defaultConfigurationIsVisible = 0;
			defaultConfigurationName = Release;
		};
		15B191F62895061B00E7C0C4 /* Build configuration list for PBXNativeTarget "DouYuZB" */ = {
			isa = XCConfigurationList;
			buildConfigurations = (
				15B191F72895061B00E7C0C4 /* Debug */,
				15B191F82895061B00E7C0C4 /* Release */,
			);
			defaultConfigurationIsVisible = 0;
			defaultConfigurationName = Release;
		};
		15B191F92895061B00E7C0C4 /* Build configuration list for PBXNativeTarget "DouYuZBTests" */ = {
			isa = XCConfigurationList;
			buildConfigurations = (
				15B191FA2895061B00E7C0C4 /* Debug */,
				15B191FB2895061B00E7C0C4 /* Release */,
			);
			defaultConfigurationIsVisible = 0;
			defaultConfigurationName = Release;
		};
		15B191FC2895061B00E7C0C4 /* Build configuration list for PBXNativeTarget "DouYuZBUITests" */ = {
			isa = XCConfigurationList;
			buildConfigurations = (
				15B191FD2895061B00E7C0C4 /* Debug */,
				15B191FE2895061B00E7C0C4 /* Release */,
			);
			defaultConfigurationIsVisible = 0;
			defaultConfigurationName = Release;
		};
/* End XCConfigurationList section */
	};
	rootObject = 15B191C42895061100E7C0C4 /* Project object */;
}
